
Microsoft Visual Studio Solution File, Format Version 12.00
# Visual Studio Version 17
VisualStudioVersion = 17.0.31521.260
MinimumVisualStudioVersion = 10.0.40219.1
Project("{FAE04EC0-301F-11D3-BF4B-00C04F79EFBC}") = "BookPrinter", "BookPrinter\BookPrinter.csproj", "{CCF73EAB-1F5E-4DBA-9D54-63A31E3EEC17}"
EndProject
Global
	GlobalSection(SolutionConfigurationPlatforms) = preSolution
		Debug|Any CPU = Debug|Any CPU
		Release|Any CPU = Release|Any CPU
	EndGlobalSection
	GlobalSection(ProjectConfigurationPlatforms) = postSolution
		{CCF73EAB-1F5E-4DBA-9D54-63A31E3EEC17}.Debug|Any CPU.ActiveCfg = Debug|Any CPU
		{CCF73EAB-1F5E-4DBA-9D54-63A31E3EEC17}.Debug|Any CPU.Build.0 = Debug|Any CPU
		{CCF73EAB-1F5E-4DBA-9D54-63A31E3EEC17}.Release|Any CPU.ActiveCfg = Release|Any CPU
		{CCF73EAB-1F5E-4DBA-9D54-63A31E3EEC17}.Release|Any CPU.Build.0 = Release|Any CPU
	EndGlobalSection
	GlobalSection(SolutionProperties) = preSolution
		HideSolutionNode = FALSE
	EndGlobalSection
	GlobalSection(ExtensibilityGlobals) = postSolution
		SolutionGuid = {7D740360-2336-47BA-AF46-4296A43A0365}
	EndGlobalSection
EndGlobal
