
Microsoft Visual Studio Solution File, Format Version 12.00
# Visual Studio Version 17
VisualStudioVersion = 17.0.31521.260
MinimumVisualStudioVersion = 10.0.40219.1
Project("{9A19103F-16F7-4668-BE54-9A1E7A4F7556}") = "WebSide", "WebSide\WebSide.csproj", "{4FFFB8F5-2C19-4B97-BED6-740ADD993B3B}"
EndProject
Global
	GlobalSection(SolutionConfigurationPlatforms) = preSolution
		Debug|Any CPU = Debug|Any CPU
		Release|Any CPU = Release|Any CPU
	EndGlobalSection
	GlobalSection(ProjectConfigurationPlatforms) = postSolution
		{4FFFB8F5-2C19-4B97-BED6-740ADD993B3B}.Debug|Any CPU.ActiveCfg = Debug|Any CPU
		{4FFFB8F5-2C19-4B97-BED6-740ADD993B3B}.Debug|Any CPU.Build.0 = Debug|Any CPU
		{4FFFB8F5-2C19-4B97-BED6-740ADD993B3B}.Release|Any CPU.ActiveCfg = Release|Any CPU
		{4FFFB8F5-2C19-4B97-BED6-740ADD993B3B}.Release|Any CPU.Build.0 = Release|Any CPU
	EndGlobalSection
	GlobalSection(SolutionProperties) = preSolution
		HideSolutionNode = FALSE
	EndGlobalSection
	GlobalSection(ExtensibilityGlobals) = postSolution
		SolutionGuid = {7D740360-2336-47BA-AF46-4296A43A0365}
	EndGlobalSection
EndGlobal
